// !$*UTF8*$!
{
	archiveVersion = 1;
	classes = {
	};
	objectVersion = 46;
	objects = {

/* Begin PBXBuildFile section */
		123D2E4418D74BB9003345D7 /* default_avatar.png in Resources */ = {isa = PBXBuildFile; fileRef = 123D2E4318D74BB9003345D7 /* default_avatar.png */; };
		12432C4318CB439400EC5439 /* JIMCenter.m in Sources */ = {isa = PBXBuildFile; fileRef = 12432C4218CB439400EC5439 /* JIMCenter.m */; };
		12594C4118D9623500390D12 /* JMessageArchivingCoreDataStorage.m in Sources */ = {isa = PBXBuildFile; fileRef = 12594C4018D9623500390D12 /* JMessageArchivingCoreDataStorage.m */; };
		125C1AF918C7F90E00E79006 /* Foundation.framework in Frameworks */ = {isa = PBXBuildFile; fileRef = 125C1AF818C7F90E00E79006 /* Foundation.framework */; };
		125C1AFB18C7F90E00E79006 /* CoreGraphics.framework in Frameworks */ = {isa = PBXBuildFile; fileRef = 125C1AFA18C7F90E00E79006 /* CoreGraphics.framework */; };
		125C1AFD18C7F90E00E79006 /* UIKit.framework in Frameworks */ = {isa = PBXBuildFile; fileRef = 125C1AFC18C7F90E00E79006 /* UIKit.framework */; };
		125C1AFF18C7F90E00E79006 /* CoreData.framework in Frameworks */ = {isa = PBXBuildFile; fileRef = 125C1AFE18C7F90E00E79006 /* CoreData.framework */; };
		125C1B0518C7F90E00E79006 /* InfoPlist.strings in Resources */ = {isa = PBXBuildFile; fileRef = 125C1B0318C7F90E00E79006 /* InfoPlist.strings */; };
		125C1B0718C7F90E00E79006 /* main.m in Sources */ = {isa = PBXBuildFile; fileRef = 125C1B0618C7F90E00E79006 /* main.m */; };
		125C1B0B18C7F90E00E79006 /* JAppDelegate.m in Sources */ = {isa = PBXBuildFile; fileRef = 125C1B0A18C7F90E00E79006 /* JAppDelegate.m */; };
		125C1B0E18C7F90E00E79006 /* Main_iPhone.storyboard in Resources */ = {isa = PBXBuildFile; fileRef = 125C1B0C18C7F90E00E79006 /* Main_iPhone.storyboard */; };
		125C1B1118C7F90E00E79006 /* Main_iPad.storyboard in Resources */ = {isa = PBXBuildFile; fileRef = 125C1B0F18C7F90E00E79006 /* Main_iPad.storyboard */; };
		125C1B1418C7F90E00E79006 /* jabby.xcdatamodeld in Sources */ = {isa = PBXBuildFile; fileRef = 125C1B1218C7F90E00E79006 /* jabby.xcdatamodeld */; };
		125C1B1718C7F90E00E79006 /* JMasterViewController.m in Sources */ = {isa = PBXBuildFile; fileRef = 125C1B1618C7F90E00E79006 /* JMasterViewController.m */; };
		125C1B1A18C7F90E00E79006 /* JDetailViewController.m in Sources */ = {isa = PBXBuildFile; fileRef = 125C1B1918C7F90E00E79006 /* JDetailViewController.m */; };
		125C1B1C18C7F90E00E79006 /* Images.xcassets in Resources */ = {isa = PBXBuildFile; fileRef = 125C1B1B18C7F90E00E79006 /* Images.xcassets */; };
		125C1B2318C7F90E00E79006 /* XCTest.framework in Frameworks */ = {isa = PBXBuildFile; fileRef = 125C1B2218C7F90E00E79006 /* XCTest.framework */; };
		125C1B2418C7F90E00E79006 /* Foundation.framework in Frameworks */ = {isa = PBXBuildFile; fileRef = 125C1AF818C7F90E00E79006 /* Foundation.framework */; };
		125C1B2518C7F90E00E79006 /* UIKit.framework in Frameworks */ = {isa = PBXBuildFile; fileRef = 125C1AFC18C7F90E00E79006 /* UIKit.framework */; };
		125C1B2618C7F90E00E79006 /* CoreData.framework in Frameworks */ = {isa = PBXBuildFile; fileRef = 125C1AFE18C7F90E00E79006 /* CoreData.framework */; };
		125C1B2E18C7F90E00E79006 /* InfoPlist.strings in Resources */ = {isa = PBXBuildFile; fileRef = 125C1B2C18C7F90E00E79006 /* InfoPlist.strings */; };
		125C1B3018C7F90E00E79006 /* jabbyTests.m in Sources */ = {isa = PBXBuildFile; fileRef = 125C1B2F18C7F90E00E79006 /* jabbyTests.m */; };
		12626D2018D28859003BD753 /* JLoginViewController.m in Sources */ = {isa = PBXBuildFile; fileRef = 12626D1F18D28859003BD753 /* JLoginViewController.m */; };
		C7299C86FECE4CA0878E97CF /* libPods.a in Frameworks */ = {isa = PBXBuildFile; fileRef = B4CB3F93E54040FFB0B6B34B /* libPods.a */; };
/* End PBXBuildFile section */

/* Begin PBXContainerItemProxy section */
		125C1B2718C7F90E00E79006 /* PBXContainerItemProxy */ = {
			isa = PBXContainerItemProxy;
			containerPortal = 125C1AED18C7F90E00E79006 /* Project object */;
			proxyType = 1;
			remoteGlobalIDString = 125C1AF418C7F90E00E79006;
			remoteInfo = jabby;
		};
/* End PBXContainerItemProxy section */

/* Begin PBXFileReference section */
		123D2E4318D74BB9003345D7 /* default_avatar.png */ = {isa = PBXFileReference; lastKnownFileType = image.png; path = default_avatar.png; sourceTree = "<group>"; };
		12432C4118CB439400EC5439 /* JIMCenter.h */ = {isa = PBXFileReference; fileEncoding = 4; lastKnownFileType = sourcecode.c.h; path = JIMCenter.h; sourceTree = "<group>"; };
		12432C4218CB439400EC5439 /* JIMCenter.m */ = {isa = PBXFileReference; fileEncoding = 4; lastKnownFileType = sourcecode.c.objc; path = JIMCenter.m; sourceTree = "<group>"; };
		1257403718CAC9EA000422AC /* JFriendListDelegate.h */ = {isa = PBXFileReference; fileEncoding = 4; lastKnownFileType = sourcecode.c.h; path = JFriendListDelegate.h; sourceTree = "<group>"; };
		1257403818CAC9EA000422AC /* JMessageDelegate.h */ = {isa = PBXFileReference; fileEncoding = 4; lastKnownFileType = sourcecode.c.h; path = JMessageDelegate.h; sourceTree = "<group>"; };
		12594C3F18D9623500390D12 /* JMessageArchivingCoreDataStorage.h */ = {isa = PBXFileReference; fileEncoding = 4; lastKnownFileType = sourcecode.c.h; name = JMessageArchivingCoreDataStorage.h; path = jabby/Model/JMessageArchivingCoreDataStorage.h; sourceTree = "<group>"; };
		12594C4018D9623500390D12 /* JMessageArchivingCoreDataStorage.m */ = {isa = PBXFileReference; fileEncoding = 4; lastKnownFileType = sourcecode.c.objc; name = JMessageArchivingCoreDataStorage.m; path = jabby/Model/JMessageArchivingCoreDataStorage.m; sourceTree = "<group>"; };
		125C1AF518C7F90E00E79006 /* jabby.app */ = {isa = PBXFileReference; explicitFileType = wrapper.application; includeInIndex = 0; path = jabby.app; sourceTree = BUILT_PRODUCTS_DIR; };
		125C1AF818C7F90E00E79006 /* Foundation.framework */ = {isa = PBXFileReference; lastKnownFileType = wrapper.framework; name = Foundation.framework; path = System/Library/Frameworks/Foundation.framework; sourceTree = SDKROOT; };
		125C1AFA18C7F90E00E79006 /* CoreGraphics.framework */ = {isa = PBXFileReference; lastKnownFileType = wrapper.framework; name = CoreGraphics.framework; path = System/Library/Frameworks/CoreGraphics.framework; sourceTree = SDKROOT; };
		125C1AFC18C7F90E00E79006 /* UIKit.framework */ = {isa = PBXFileReference; lastKnownFileType = wrapper.framework; name = UIKit.framework; path = System/Library/Frameworks/UIKit.framework; sourceTree = SDKROOT; };
		125C1AFE18C7F90E00E79006 /* CoreData.framework */ = {isa = PBXFileReference; lastKnownFileType = wrapper.framework; name = CoreData.framework; path = System/Library/Frameworks/CoreData.framework; sourceTree = SDKROOT; };
		125C1B0218C7F90E00E79006 /* jabby-Info.plist */ = {isa = PBXFileReference; lastKnownFileType = text.plist.xml; path = "jabby-Info.plist"; sourceTree = "<group>"; };
		125C1B0418C7F90E00E79006 /* en */ = {isa = PBXFileReference; lastKnownFileType = text.plist.strings; name = en; path = en.lproj/InfoPlist.strings; sourceTree = "<group>"; };
		125C1B0618C7F90E00E79006 /* main.m */ = {isa = PBXFileReference; lastKnownFileType = sourcecode.c.objc; path = main.m; sourceTree = "<group>"; };
		125C1B0818C7F90E00E79006 /* jabby-Prefix.pch */ = {isa = PBXFileReference; lastKnownFileType = sourcecode.c.h; path = "jabby-Prefix.pch"; sourceTree = "<group>"; };
		125C1B0918C7F90E00E79006 /* JAppDelegate.h */ = {isa = PBXFileReference; lastKnownFileType = sourcecode.c.h; path = JAppDelegate.h; sourceTree = "<group>"; };
		125C1B0A18C7F90E00E79006 /* JAppDelegate.m */ = {isa = PBXFileReference; lastKnownFileType = sourcecode.c.objc; path = JAppDelegate.m; sourceTree = "<group>"; };
		125C1B0D18C7F90E00E79006 /* Base */ = {isa = PBXFileReference; lastKnownFileType = file.storyboard; name = Base; path = Base.lproj/Main_iPhone.storyboard; sourceTree = "<group>"; };
		125C1B1018C7F90E00E79006 /* Base */ = {isa = PBXFileReference; lastKnownFileType = file.storyboard; name = Base; path = Base.lproj/Main_iPad.storyboard; sourceTree = "<group>"; };
		125C1B1318C7F90E00E79006 /* jabby.xcdatamodel */ = {isa = PBXFileReference; lastKnownFileType = wrapper.xcdatamodel; path = jabby.xcdatamodel; sourceTree = "<group>"; };
		125C1B1518C7F90E00E79006 /* JMasterViewController.h */ = {isa = PBXFileReference; lastKnownFileType = sourcecode.c.h; path = JMasterViewController.h; sourceTree = "<group>"; };
		125C1B1618C7F90E00E79006 /* JMasterViewController.m */ = {isa = PBXFileReference; lastKnownFileType = sourcecode.c.objc; path = JMasterViewController.m; sourceTree = "<group>"; };
		125C1B1818C7F90E00E79006 /* JDetailViewController.h */ = {isa = PBXFileReference; lastKnownFileType = sourcecode.c.h; path = JDetailViewController.h; sourceTree = "<group>"; };
		125C1B1918C7F90E00E79006 /* JDetailViewController.m */ = {isa = PBXFileReference; lastKnownFileType = sourcecode.c.objc; path = JDetailViewController.m; sourceTree = "<group>"; };
		125C1B1B18C7F90E00E79006 /* Images.xcassets */ = {isa = PBXFileReference; lastKnownFileType = folder.assetcatalog; path = Images.xcassets; sourceTree = "<group>"; };
		125C1B2118C7F90E00E79006 /* jabbyTests.xctest */ = {isa = PBXFileReference; explicitFileType = wrapper.cfbundle; includeInIndex = 0; path = jabbyTests.xctest; sourceTree = BUILT_PRODUCTS_DIR; };
		125C1B2218C7F90E00E79006 /* XCTest.framework */ = {isa = PBXFileReference; lastKnownFileType = wrapper.framework; name = XCTest.framework; path = Library/Frameworks/XCTest.framework; sourceTree = DEVELOPER_DIR; };
		125C1B2B18C7F90E00E79006 /* jabbyTests-Info.plist */ = {isa = PBXFileReference; lastKnownFileType = text.plist.xml; path = "jabbyTests-Info.plist"; sourceTree = "<group>"; };
		125C1B2D18C7F90E00E79006 /* en */ = {isa = PBXFileReference; lastKnownFileType = text.plist.strings; name = en; path = en.lproj/InfoPlist.strings; sourceTree = "<group>"; };
		125C1B2F18C7F90E00E79006 /* jabbyTests.m */ = {isa = PBXFileReference; lastKnownFileType = sourcecode.c.objc; path = jabbyTests.m; sourceTree = "<group>"; };
		12626D1E18D28859003BD753 /* JLoginViewController.h */ = {isa = PBXFileReference; fileEncoding = 4; lastKnownFileType = sourcecode.c.h; path = JLoginViewController.h; sourceTree = "<group>"; };
		12626D1F18D28859003BD753 /* JLoginViewController.m */ = {isa = PBXFileReference; fileEncoding = 4; lastKnownFileType = sourcecode.c.objc; path = JLoginViewController.m; sourceTree = "<group>"; };
		B4CB3F93E54040FFB0B6B34B /* libPods.a */ = {isa = PBXFileReference; explicitFileType = archive.ar; includeInIndex = 0; path = libPods.a; sourceTree = BUILT_PRODUCTS_DIR; };
		EC900050D6B84DE590402DB1 /* Pods.xcconfig */ = {isa = PBXFileReference; includeInIndex = 1; lastKnownFileType = text.xcconfig; name = Pods.xcconfig; path = Pods/Pods.xcconfig; sourceTree = "<group>"; };
/* End PBXFileReference section */

/* Begin PBXFrameworksBuildPhase section */
		125C1AF218C7F90E00E79006 /* Frameworks */ = {
			isa = PBXFrameworksBuildPhase;
			buildActionMask = 2147483647;
			files = (
				125C1AFB18C7F90E00E79006 /* CoreGraphics.framework in Frameworks */,
				125C1AFF18C7F90E00E79006 /* CoreData.framework in Frameworks */,
				125C1AFD18C7F90E00E79006 /* UIKit.framework in Frameworks */,
				125C1AF918C7F90E00E79006 /* Foundation.framework in Frameworks */,
				C7299C86FECE4CA0878E97CF /* libPods.a in Frameworks */,
			);
			runOnlyForDeploymentPostprocessing = 0;
		};
		125C1B1E18C7F90E00E79006 /* Frameworks */ = {
			isa = PBXFrameworksBuildPhase;
			buildActionMask = 2147483647;
			files = (
				125C1B2318C7F90E00E79006 /* XCTest.framework in Frameworks */,
				125C1B2618C7F90E00E79006 /* CoreData.framework in Frameworks */,
				125C1B2518C7F90E00E79006 /* UIKit.framework in Frameworks */,
				125C1B2418C7F90E00E79006 /* Foundation.framework in Frameworks */,
			);
			runOnlyForDeploymentPostprocessing = 0;
		};
/* End PBXFrameworksBuildPhase section */

/* Begin PBXGroup section */
		123D2E4218D74B9B003345D7 /* Resources */ = {
			isa = PBXGroup;
			children = (
				123D2E4318D74BB9003345D7 /* default_avatar.png */,
			);
			name = Resources;
			sourceTree = "<group>";
		};
		12432C4018CB431D00EC5439 /* Model */ = {
			isa = PBXGroup;
			children = (
				12432C4118CB439400EC5439 /* JIMCenter.h */,
				12432C4218CB439400EC5439 /* JIMCenter.m */,
				12594C3F18D9623500390D12 /* JMessageArchivingCoreDataStorage.h */,
				12594C4018D9623500390D12 /* JMessageArchivingCoreDataStorage.m */,
			);
			name = Model;
			path = ..;
			sourceTree = "<group>";
		};
		125C1AEC18C7F90E00E79006 = {
			isa = PBXGroup;
			children = (
				123D2E4218D74B9B003345D7 /* Resources */,
				125C1B0018C7F90E00E79006 /* jabby */,
				125C1B2918C7F90E00E79006 /* jabbyTests */,
				125C1AF718C7F90E00E79006 /* Frameworks */,
				125C1AF618C7F90E00E79006 /* Products */,
				EC900050D6B84DE590402DB1 /* Pods.xcconfig */,
			);
			sourceTree = "<group>";
		};
		125C1AF618C7F90E00E79006 /* Products */ = {
			isa = PBXGroup;
			children = (
				125C1AF518C7F90E00E79006 /* jabby.app */,
				125C1B2118C7F90E00E79006 /* jabbyTests.xctest */,
			);
			name = Products;
			sourceTree = "<group>";
		};
		125C1AF718C7F90E00E79006 /* Frameworks */ = {
			isa = PBXGroup;
			children = (
				125C1AF818C7F90E00E79006 /* Foundation.framework */,
				125C1AFA18C7F90E00E79006 /* CoreGraphics.framework */,
				125C1AFC18C7F90E00E79006 /* UIKit.framework */,
				125C1AFE18C7F90E00E79006 /* CoreData.framework */,
				125C1B2218C7F90E00E79006 /* XCTest.framework */,
				B4CB3F93E54040FFB0B6B34B /* libPods.a */,
			);
			name = Frameworks;
			sourceTree = "<group>";
		};
		125C1B0018C7F90E00E79006 /* jabby */ = {
			isa = PBXGroup;
			children = (
				12D117CC18D89AE20005986B /* Delegate */,
				12432C4018CB431D00EC5439 /* Model */,
				12D117CB18D89AA50005986B /* View */,
				12D117C918D89A450005986B /* Controller */,
				12D117CA18D89A760005986B /* StoryBoard */,
				125C1B0918C7F90E00E79006 /* JAppDelegate.h */,
				125C1B0A18C7F90E00E79006 /* JAppDelegate.m */,
				125C1B1B18C7F90E00E79006 /* Images.xcassets */,
				125C1B1218C7F90E00E79006 /* jabby.xcdatamodeld */,
				125C1B0118C7F90E00E79006 /* Supporting Files */,
			);
			path = jabby;
			sourceTree = "<group>";
		};
		125C1B0118C7F90E00E79006 /* Supporting Files */ = {
			isa = PBXGroup;
			children = (
				125C1B0218C7F90E00E79006 /* jabby-Info.plist */,
				125C1B0318C7F90E00E79006 /* InfoPlist.strings */,
				125C1B0618C7F90E00E79006 /* main.m */,
				125C1B0818C7F90E00E79006 /* jabby-Prefix.pch */,
			);
			name = "Supporting Files";
			sourceTree = "<group>";
		};
		125C1B2918C7F90E00E79006 /* jabbyTests */ = {
			isa = PBXGroup;
			children = (
				125C1B2F18C7F90E00E79006 /* jabbyTests.m */,
				125C1B2A18C7F90E00E79006 /* Supporting Files */,
			);
			path = jabbyTests;
			sourceTree = "<group>";
		};
		125C1B2A18C7F90E00E79006 /* Supporting Files */ = {
			isa = PBXGroup;
			children = (
				125C1B2B18C7F90E00E79006 /* jabbyTests-Info.plist */,
				125C1B2C18C7F90E00E79006 /* InfoPlist.strings */,
			);
			name = "Supporting Files";
			sourceTree = "<group>";
		};
		12D117C918D89A450005986B /* Controller */ = {
			isa = PBXGroup;
			children = (
				125C1B1518C7F90E00E79006 /* JMasterViewController.h */,
				125C1B1618C7F90E00E79006 /* JMasterViewController.m */,
				125C1B1818C7F90E00E79006 /* JDetailViewController.h */,
				125C1B1918C7F90E00E79006 /* JDetailViewController.m */,
				12626D1E18D28859003BD753 /* JLoginViewController.h */,
				12626D1F18D28859003BD753 /* JLoginViewController.m */,
			);
			name = Controller;
			sourceTree = "<group>";
		};
		12D117CA18D89A760005986B /* StoryBoard */ = {
			isa = PBXGroup;
			children = (
				125C1B0C18C7F90E00E79006 /* Main_iPhone.storyboard */,
				125C1B0F18C7F90E00E79006 /* Main_iPad.storyboard */,
			);
			name = StoryBoard;
			sourceTree = "<group>";
		};
		12D117CB18D89AA50005986B /* View */ = {
			isa = PBXGroup;
			children = (
			);
			name = View;
			sourceTree = "<group>";
		};
		12D117CC18D89AE20005986B /* Delegate */ = {
			isa = PBXGroup;
			children = (
				1257403718CAC9EA000422AC /* JFriendListDelegate.h */,
				1257403818CAC9EA000422AC /* JMessageDelegate.h */,
			);
			name = Delegate;
			sourceTree = "<group>";
		};
/* End PBXGroup section */

/* Begin PBXNativeTarget section */
		125C1AF418C7F90E00E79006 /* jabby */ = {
			isa = PBXNativeTarget;
			buildConfigurationList = 125C1B3318C7F90E00E79006 /* Build configuration list for PBXNativeTarget "jabby" */;
			buildPhases = (
				8184D000823044CC84B75D86 /* Check Pods Manifest.lock */,
				125C1AF118C7F90E00E79006 /* Sources */,
				125C1AF218C7F90E00E79006 /* Frameworks */,
				125C1AF318C7F90E00E79006 /* Resources */,
				C569711C9A3142E9A78D1E9F /* Copy Pods Resources */,
			);
			buildRules = (
			);
			dependencies = (
			);
			name = jabby;
			productName = jabby;
			productReference = 125C1AF518C7F90E00E79006 /* jabby.app */;
			productType = "com.apple.product-type.application";
		};
		125C1B2018C7F90E00E79006 /* jabbyTests */ = {
			isa = PBXNativeTarget;
			buildConfigurationList = 125C1B3618C7F90E00E79006 /* Build configuration list for PBXNativeTarget "jabbyTests" */;
			buildPhases = (
				125C1B1D18C7F90E00E79006 /* Sources */,
				125C1B1E18C7F90E00E79006 /* Frameworks */,
				125C1B1F18C7F90E00E79006 /* Resources */,
			);
			buildRules = (
			);
			dependencies = (
				125C1B2818C7F90E00E79006 /* PBXTargetDependency */,
			);
			name = jabbyTests;
			productName = jabbyTests;
			productReference = 125C1B2118C7F90E00E79006 /* jabbyTests.xctest */;
			productType = "com.apple.product-type.bundle.unit-test";
		};
/* End PBXNativeTarget section */

/* Begin PBXProject section */
		125C1AED18C7F90E00E79006 /* Project object */ = {
			isa = PBXProject;
			attributes = {
				CLASSPREFIX = J;
				LastUpgradeCheck = 0500;
				ORGANIZATIONNAME = soasme;
				TargetAttributes = {
					125C1AF418C7F90E00E79006 = {
						DevelopmentTeam = 6YDSSD3PU2;
					};
					125C1B2018C7F90E00E79006 = {
						TestTargetID = 125C1AF418C7F90E00E79006;
					};
				};
			};
			buildConfigurationList = 125C1AF018C7F90E00E79006 /* Build configuration list for PBXProject "jabby" */;
			compatibilityVersion = "Xcode 3.2";
			developmentRegion = English;
			hasScannedForEncodings = 0;
			knownRegions = (
				en,
				Base,
			);
			mainGroup = 125C1AEC18C7F90E00E79006;
			productRefGroup = 125C1AF618C7F90E00E79006 /* Products */;
			projectDirPath = "";
			projectRoot = "";
			targets = (
				125C1AF418C7F90E00E79006 /* jabby */,
				125C1B2018C7F90E00E79006 /* jabbyTests */,
			);
		};
/* End PBXProject section */

/* Begin PBXResourcesBuildPhase section */
		125C1AF318C7F90E00E79006 /* Resources */ = {
			isa = PBXResourcesBuildPhase;
			buildActionMask = 2147483647;
			files = (
				125C1B1118C7F90E00E79006 /* Main_iPad.storyboard in Resources */,
				123D2E4418D74BB9003345D7 /* default_avatar.png in Resources */,
				125C1B1C18C7F90E00E79006 /* Images.xcassets in Resources */,
				125C1B0E18C7F90E00E79006 /* Main_iPhone.storyboard in Resources */,
				125C1B0518C7F90E00E79006 /* InfoPlist.strings in Resources */,
			);
			runOnlyForDeploymentPostprocessing = 0;
		};
		125C1B1F18C7F90E00E79006 /* Resources */ = {
			isa = PBXResourcesBuildPhase;
			buildActionMask = 2147483647;
			files = (
				125C1B2E18C7F90E00E79006 /* InfoPlist.strings in Resources */,
			);
			runOnlyForDeploymentPostprocessing = 0;
		};
/* End PBXResourcesBuildPhase section */

/* Begin PBXShellScriptBuildPhase section */
		8184D000823044CC84B75D86 /* Check Pods Manifest.lock */ = {
			isa = PBXShellScriptBuildPhase;
			buildActionMask = 2147483647;
			files = (
			);
			inputPaths = (
			);
			name = "Check Pods Manifest.lock";
			outputPaths = (
			);
			runOnlyForDeploymentPostprocessing = 0;
			shellPath = /bin/sh;
			shellScript = "diff \"${PODS_ROOT}/../Podfile.lock\" \"${PODS_ROOT}/Manifest.lock\" > /dev/null\nif [[ $? != 0 ]] ; then\n    cat << EOM\nerror: The sandbox is not in sync with the Podfile.lock. Run 'pod install' or update your CocoaPods installation.\nEOM\n    exit 1\nfi\n";
			showEnvVarsInLog = 0;
		};
		C569711C9A3142E9A78D1E9F /* Copy Pods Resources */ = {
			isa = PBXShellScriptBuildPhase;
			buildActionMask = 2147483647;
			files = (
			);
			inputPaths = (
			);
			name = "Copy Pods Resources";
			outputPaths = (
			);
			runOnlyForDeploymentPostprocessing = 0;
			shellPath = /bin/sh;
			shellScript = "\"${SRCROOT}/Pods/Pods-resources.sh\"\n";
			showEnvVarsInLog = 0;
		};
/* End PBXShellScriptBuildPhase section */

/* Begin PBXSourcesBuildPhase section */
		125C1AF118C7F90E00E79006 /* Sources */ = {
			isa = PBXSourcesBuildPhase;
			buildActionMask = 2147483647;
			files = (
				125C1B0718C7F90E00E79006 /* main.m in Sources */,
				125C1B0B18C7F90E00E79006 /* JAppDelegate.m in Sources */,
				125C1B1418C7F90E00E79006 /* jabby.xcdatamodeld in Sources */,
				125C1B1A18C7F90E00E79006 /* JDetailViewController.m in Sources */,
				12594C4118D9623500390D12 /* JMessageArchivingCoreDataStorage.m in Sources */,
				12432C4318CB439400EC5439 /* JIMCenter.m in Sources */,
				125C1B1718C7F90E00E79006 /* JMasterViewController.m in Sources */,
				12626D2018D28859003BD753 /* JLoginViewController.m in Sources */,
			);
			runOnlyForDeploymentPostprocessing = 0;
		};
		125C1B1D18C7F90E00E79006 /* Sources */ = {
			isa = PBXSourcesBuildPhase;
			buildActionMask = 2147483647;
			files = (
				125C1B3018C7F90E00E79006 /* jabbyTests.m in Sources */,
			);
			runOnlyForDeploymentPostprocessing = 0;
		};
/* End PBXSourcesBuildPhase section */

/* Begin PBXTargetDependency section */
		125C1B2818C7F90E00E79006 /* PBXTargetDependency */ = {
			isa = PBXTargetDependency;
			target = 125C1AF418C7F90E00E79006 /* jabby */;
			targetProxy = 125C1B2718C7F90E00E79006 /* PBXContainerItemProxy */;
		};
/* End PBXTargetDependency section */

/* Begin PBXVariantGroup section */
		125C1B0318C7F90E00E79006 /* InfoPlist.strings */ = {
			isa = PBXVariantGroup;
			children = (
				125C1B0418C7F90E00E79006 /* en */,
			);
			name = InfoPlist.strings;
			sourceTree = "<group>";
		};
		125C1B0C18C7F90E00E79006 /* Main_iPhone.storyboard */ = {
			isa = PBXVariantGroup;
			children = (
				125C1B0D18C7F90E00E79006 /* Base */,
			);
			name = Main_iPhone.storyboard;
			sourceTree = "<group>";
		};
		125C1B0F18C7F90E00E79006 /* Main_iPad.storyboard */ = {
			isa = PBXVariantGroup;
			children = (
				125C1B1018C7F90E00E79006 /* Base */,
			);
			name = Main_iPad.storyboard;
			sourceTree = "<group>";
		};
		125C1B2C18C7F90E00E79006 /* InfoPlist.strings */ = {
			isa = PBXVariantGroup;
			children = (
				125C1B2D18C7F90E00E79006 /* en */,
			);
			name = InfoPlist.strings;
			sourceTree = "<group>";
		};
/* End PBXVariantGroup section */

/* Begin XCBuildConfiguration section */
		125C1B3118C7F90E00E79006 /* Debug */ = {
			isa = XCBuildConfiguration;
			buildSettings = {
				ALWAYS_SEARCH_USER_PATHS = NO;
				ARCHS = "$(ARCHS_STANDARD_INCLUDING_64_BIT)";
				CLANG_CXX_LANGUAGE_STANDARD = "gnu++0x";
				CLANG_CXX_LIBRARY = "libc++";
				CLANG_ENABLE_MODULES = YES;
				CLANG_ENABLE_OBJC_ARC = YES;
				CLANG_WARN_BOOL_CONVERSION = YES;
				CLANG_WARN_CONSTANT_CONVERSION = YES;
				CLANG_WARN_DIRECT_OBJC_ISA_USAGE = YES_ERROR;
				CLANG_WARN_EMPTY_BODY = YES;
				CLANG_WARN_ENUM_CONVERSION = YES;
				CLANG_WARN_INT_CONVERSION = YES;
				CLANG_WARN_OBJC_ROOT_CLASS = YES_ERROR;
				CLANG_WARN__DUPLICATE_METHOD_MATCH = YES;
				CODE_SIGN_IDENTITY = "iPhone Developer";
				"CODE_SIGN_IDENTITY[sdk=iphoneos*]" = "iPhone Developer";
				COPY_PHASE_STRIP = NO;
				GCC_C_LANGUAGE_STANDARD = gnu99;
				GCC_DYNAMIC_NO_PIC = NO;
				GCC_OPTIMIZATION_LEVEL = 0;
				GCC_PREPROCESSOR_DEFINITIONS = (
					"DEBUG=1",
					"$(inherited)",
				);
				GCC_SYMBOLS_PRIVATE_EXTERN = NO;
				GCC_WARN_64_TO_32_BIT_CONVERSION = YES;
				GCC_WARN_ABOUT_RETURN_TYPE = YES_ERROR;
				GCC_WARN_UNDECLARED_SELECTOR = YES;
				GCC_WARN_UNINITIALIZED_AUTOS = YES;
				GCC_WARN_UNUSED_FUNCTION = YES;
				GCC_WARN_UNUSED_VARIABLE = YES;
				IPHONEOS_DEPLOYMENT_TARGET = 7.1;
				ONLY_ACTIVE_ARCH = YES;
				SDKROOT = iphoneos;
				TARGETED_DEVICE_FAMILY = "1,2";
			};
			name = Debug;
		};
		125C1B3218C7F90E00E79006 /* Release */ = {
			isa = XCBuildConfiguration;
			buildSettings = {
				ALWAYS_SEARCH_USER_PATHS = NO;
				ARCHS = "$(ARCHS_STANDARD_INCLUDING_64_BIT)";
				CLANG_CXX_LANGUAGE_STANDARD = "gnu++0x";
				CLANG_CXX_LIBRARY = "libc++";
				CLANG_ENABLE_MODULES = YES;
				CLANG_ENABLE_OBJC_ARC = YES;
				CLANG_WARN_BOOL_CONVERSION = YES;
				CLANG_WARN_CONSTANT_CONVERSION = YES;
				CLANG_WARN_DIRECT_OBJC_ISA_USAGE = YES_ERROR;
				CLANG_WARN_EMPTY_BODY = YES;
				CLANG_WARN_ENUM_CONVERSION = YES;
				CLANG_WARN_INT_CONVERSION = YES;
				CLANG_WARN_OBJC_ROOT_CLASS = YES_ERROR;
				CLANG_WARN__DUPLICATE_METHOD_MATCH = YES;
				CODE_SIGN_IDENTITY = "iPhone Developer";
				"CODE_SIGN_IDENTITY[sdk=iphoneos*]" = "iPhone Developer";
				COPY_PHASE_STRIP = YES;
				ENABLE_NS_ASSERTIONS = NO;
				GCC_C_LANGUAGE_STANDARD = gnu99;
				GCC_WARN_64_TO_32_BIT_CONVERSION = YES;
				GCC_WARN_ABOUT_RETURN_TYPE = YES_ERROR;
				GCC_WARN_UNDECLARED_SELECTOR = YES;
				GCC_WARN_UNINITIALIZED_AUTOS = YES;
				GCC_WARN_UNUSED_FUNCTION = YES;
				GCC_WARN_UNUSED_VARIABLE = YES;
				IPHONEOS_DEPLOYMENT_TARGET = 7.1;
				SDKROOT = iphoneos;
				TARGETED_DEVICE_FAMILY = "1,2";
				VALIDATE_PRODUCT = YES;
			};
			name = Release;
		};
		125C1B3418C7F90E00E79006 /* Debug */ = {
			isa = XCBuildConfiguration;
			baseConfigurationReference = EC900050D6B84DE590402DB1 /* Pods.xcconfig */;
			buildSettings = {
				ASSETCATALOG_COMPILER_APPICON_NAME = AppIcon;
				ASSETCATALOG_COMPILER_LAUNCHIMAGE_NAME = LaunchImage;
				CODE_SIGN_IDENTITY = "iPhone Developer";
				"CODE_SIGN_IDENTITY[sdk=iphoneos*]" = "iPhone Developer";
				GCC_PRECOMPILE_PREFIX_HEADER = YES;
				GCC_PREFIX_HEADER = "jabby/jabby-Prefix.pch";
				INFOPLIST_FILE = "jabby/jabby-Info.plist";
				IPHONEOS_DEPLOYMENT_TARGET = 7.1;
				PRODUCT_NAME = "$(TARGET_NAME)";
				PROVISIONING_PROFILE = "A7A6C21A-6CFC-4EA1-B0C6-1F20233A2ADC";
				WRAPPER_EXTENSION = app;
			};
			name = Debug;
		};
		125C1B3518C7F90E00E79006 /* Release */ = {
			isa = XCBuildConfiguration;
			baseConfigurationReference = EC900050D6B84DE590402DB1 /* Pods.xcconfig */;
			buildSettings = {
				ASSETCATALOG_COMPILER_APPICON_NAME = AppIcon;
				ASSETCATALOG_COMPILER_LAUNCHIMAGE_NAME = LaunchImage;
				CODE_SIGN_IDENTITY = "iPhone Developer";
				"CODE_SIGN_IDENTITY[sdk=iphoneos*]" = "iPhone Developer";
				GCC_PRECOMPILE_PREFIX_HEADER = YES;
				GCC_PREFIX_HEADER = "jabby/jabby-Prefix.pch";
				INFOPLIST_FILE = "jabby/jabby-Info.plist";
				IPHONEOS_DEPLOYMENT_TARGET = 7.1;
				PRODUCT_NAME = "$(TARGET_NAME)";
				PROVISIONING_PROFILE = "A7A6C21A-6CFC-4EA1-B0C6-1F20233A2ADC";
				WRAPPER_EXTENSION = app;
			};
			name = Release;
		};
		125C1B3718C7F90E00E79006 /* Debug */ = {
			isa = XCBuildConfiguration;
			buildSettings = {
				ARCHS = "$(ARCHS_STANDARD_INCLUDING_64_BIT)";
				BUNDLE_LOADER = "$(BUILT_PRODUCTS_DIR)/jabby.app/jabby";
				FRAMEWORK_SEARCH_PATHS = (
					"$(SDKROOT)/Developer/Library/Frameworks",
					"$(inherited)",
					"$(DEVELOPER_FRAMEWORKS_DIR)",
				);
				GCC_PRECOMPILE_PREFIX_HEADER = YES;
				GCC_PREFIX_HEADER = "jabby/jabby-Prefix.pch";
				GCC_PREPROCESSOR_DEFINITIONS = (
					"DEBUG=1",
					"$(inherited)",
				);
				INFOPLIST_FILE = "jabbyTests/jabbyTests-Info.plist";
				PRODUCT_NAME = "$(TARGET_NAME)";
				TEST_HOST = "$(BUNDLE_LOADER)";
				WRAPPER_EXTENSION = xctest;
			};
			name = Debug;
		};
		125C1B3818C7F90E00E79006 /* Release */ = {
			isa = XCBuildConfiguration;
			buildSettings = {
				ARCHS = "$(ARCHS_STANDARD_INCLUDING_64_BIT)";
				BUNDLE_LOADER = "$(BUILT_PRODUCTS_DIR)/jabby.app/jabby";
				FRAMEWORK_SEARCH_PATHS = (
					"$(SDKROOT)/Developer/Library/Frameworks",
					"$(inherited)",
					"$(DEVELOPER_FRAMEWORKS_DIR)",
				);
				GCC_PRECOMPILE_PREFIX_HEADER = YES;
				GCC_PREFIX_HEADER = "jabby/jabby-Prefix.pch";
				INFOPLIST_FILE = "jabbyTests/jabbyTests-Info.plist";
				PRODUCT_NAME = "$(TARGET_NAME)";
				TEST_HOST = "$(BUNDLE_LOADER)";
				WRAPPER_EXTENSION = xctest;
			};
			name = Release;
		};
/* End XCBuildConfiguration section */

/* Begin XCConfigurationList section */
		125C1AF018C7F90E00E79006 /* Build configuration list for PBXProject "jabby" */ = {
			isa = XCConfigurationList;
			buildConfigurations = (
				125C1B3118C7F90E00E79006 /* Debug */,
				125C1B3218C7F90E00E79006 /* Release */,
			);
			defaultConfigurationIsVisible = 0;
			defaultConfigurationName = Release;
		};
		125C1B3318C7F90E00E79006 /* Build configuration list for PBXNativeTarget "jabby" */ = {
			isa = XCConfigurationList;
			buildConfigurations = (
				125C1B3418C7F90E00E79006 /* Debug */,
				125C1B3518C7F90E00E79006 /* Release */,
			);
			defaultConfigurationIsVisible = 0;
			defaultConfigurationName = Release;
		};
		125C1B3618C7F90E00E79006 /* Build configuration list for PBXNativeTarget "jabbyTests" */ = {
			isa = XCConfigurationList;
			buildConfigurations = (
				125C1B3718C7F90E00E79006 /* Debug */,
				125C1B3818C7F90E00E79006 /* Release */,
			);
			defaultConfigurationIsVisible = 0;
			defaultConfigurationName = Release;
		};
/* End XCConfigurationList section */

/* Begin XCVersionGroup section */
		125C1B1218C7F90E00E79006 /* jabby.xcdatamodeld */ = {
			isa = XCVersionGroup;
			children = (
				125C1B1318C7F90E00E79006 /* jabby.xcdatamodel */,
			);
			currentVersion = 125C1B1318C7F90E00E79006 /* jabby.xcdatamodel */;
			path = jabby.xcdatamodeld;
			sourceTree = "<group>";
			versionGroupType = wrapper.xcdatamodel;
		};
/* End XCVersionGroup section */
	};
	rootObject = 125C1AED18C7F90E00E79006 /* Project object */;
}
